{
  "name": "vue",
  "lockfileVersion": 2,
  "requires": true,
  "packages": {
    "": {
      "dependencies": {
        "vue": "^2.5.1"
      }
    },
    "node_modules/vue": {
      "version": "2.5.1",
      "resolved": "https://registry.npmjs.org/vue/-/vue-2.5.1.tgz",
      "integrity": "sha512-gOTOjZZWXxXmYkchkdJ3mKi9AbkwWIc0O9yOQYbEdgigy8YI7eh7h2YS3qnDr4UIjvnrbNPbbS+OjO3Qipl4EQ=="
    }
  },
  "dependencies": {
    "vue": {
      "version": "2.5.1",
      "resolved": "https://registry.npmjs.org/vue/-/vue-2.5.1.tgz",
      "integrity": "sha512-gOTOjZZWXxXmYkchkdJ3mKi9AbkwWIc0O9yOQYbEdgigy8YI7eh7h2YS3qnDr4UIjvnrbNPbbS+OjO3Qipl4EQ=="
    }
  }
}
